
Microsoft Visual Studio Solution File, Format Version 12.00
# Visual Studio Version 17
VisualStudioVersion = 17.5.33414.496
MinimumVisualStudioVersion = 10.0.40219.1
Project("{8BC9CEB8-8B4A-11D0-8D11-00A0C91BC942}") = "BigBank", "BigBank.vcxproj", "{1E18EE18-1C1E-47B9-8189-AFB3489966B4}"
EndProject
Global
	GlobalSection(SolutionConfigurationPlatforms) = preSolution
		Debug|x64 = Debug|x64
		Debug|x86 = Debug|x86
		Release|x64 = Release|x64
		Release|x86 = Release|x86
	EndGlobalSection
	GlobalSection(ProjectConfigurationPlatforms) = postSolution
		{1E18EE18-1C1E-47B9-8189-AFB3489966B4}.Debug|x64.ActiveCfg = Debug|x64
		{1E18EE18-1C1E-47B9-8189-AFB3489966B4}.Debug|x64.Build.0 = Debug|x64
		{1E18EE18-1C1E-47B9-8189-AFB3489966B4}.Debug|x86.ActiveCfg = Debug|Win32
		{1E18EE18-1C1E-47B9-8189-AFB3489966B4}.Debug|x86.Build.0 = Debug|Win32
		{1E18EE18-1C1E-47B9-8189-AFB3489966B4}.Release|x64.ActiveCfg = Release|x64
		{1E18EE18-1C1E-47B9-8189-AFB3489966B4}.Release|x64.Build.0 = Release|x64
		{1E18EE18-1C1E-47B9-8189-AFB3489966B4}.Release|x86.ActiveCfg = Release|Win32
		{1E18EE18-1C1E-47B9-8189-AFB3489966B4}.Release|x86.Build.0 = Release|Win32
	EndGlobalSection
	GlobalSection(SolutionProperties) = preSolution
		HideSolutionNode = FALSE
	EndGlobalSection
	GlobalSection(ExtensibilityGlobals) = postSolution
		SolutionGuid = {ED596406-9D95-442B-B82B-4854CF0C8B0B}
	EndGlobalSection
EndGlobal
